
Microsoft Visual Studio Solution File, Format Version 12.00
# Visual Studio Version 16
VisualStudioVersion = 16.0.30717.126
MinimumVisualStudioVersion = 10.0.40219.1
Project("{FAE04EC0-301F-11D3-BF4B-00C04F79EFBC}") = "AlloyWheelsBuilder", "AlloyWheelsBuilder\AlloyWheelsBuilder.csproj", "{8DAF9A1E-224F-4507-816F-0135E8516B8D}"
EndProject
Project("{FAE04EC0-301F-11D3-BF4B-00C04F79EFBC}") = "AlloyWheelsBuilderViewModel", "AlloyWheelsBuilderViewModel\AlloyWheelsBuilderViewModel.csproj", "{FE3B27E3-C5B9-45C6-AFA3-6E50149DE91E}"
EndProject
Project("{FAE04EC0-301F-11D3-BF4B-00C04F79EFBC}") = "AlloyWheelsBuilderModel", "AlloyWheelsBuilderModel\AlloyWheelsBuilderModel.csproj", "{5CC51CDF-06F7-4E26-80D6-E81119615EAC}"
EndProject
Project("{FAE04EC0-301F-11D3-BF4B-00C04F79EFBC}") = "AlloyWheelsBuilder.UnitTests", "AlloyWheelsBuilder.UnitTests\AlloyWheelsBuilder.UnitTests.csproj", "{5ECAD130-6F2A-45BB-8510-9ABA9F9131D8}"
EndProject
Global
	GlobalSection(SolutionConfigurationPlatforms) = preSolution
		Debug|Any CPU = Debug|Any CPU
		Release|Any CPU = Release|Any CPU
	EndGlobalSection
	GlobalSection(ProjectConfigurationPlatforms) = postSolution
		{8DAF9A1E-224F-4507-816F-0135E8516B8D}.Debug|Any CPU.ActiveCfg = Debug|Any CPU
		{8DAF9A1E-224F-4507-816F-0135E8516B8D}.Debug|Any CPU.Build.0 = Debug|Any CPU
		{8DAF9A1E-224F-4507-816F-0135E8516B8D}.Release|Any CPU.ActiveCfg = Release|Any CPU
		{8DAF9A1E-224F-4507-816F-0135E8516B8D}.Release|Any CPU.Build.0 = Release|Any CPU
		{FE3B27E3-C5B9-45C6-AFA3-6E50149DE91E}.Debug|Any CPU.ActiveCfg = Debug|Any CPU
		{FE3B27E3-C5B9-45C6-AFA3-6E50149DE91E}.Debug|Any CPU.Build.0 = Debug|Any CPU
		{FE3B27E3-C5B9-45C6-AFA3-6E50149DE91E}.Release|Any CPU.ActiveCfg = Release|Any CPU
		{FE3B27E3-C5B9-45C6-AFA3-6E50149DE91E}.Release|Any CPU.Build.0 = Release|Any CPU
		{5CC51CDF-06F7-4E26-80D6-E81119615EAC}.Debug|Any CPU.ActiveCfg = Debug|Any CPU
		{5CC51CDF-06F7-4E26-80D6-E81119615EAC}.Debug|Any CPU.Build.0 = Debug|Any CPU
		{5CC51CDF-06F7-4E26-80D6-E81119615EAC}.Release|Any CPU.ActiveCfg = Release|Any CPU
		{5CC51CDF-06F7-4E26-80D6-E81119615EAC}.Release|Any CPU.Build.0 = Release|Any CPU
		{5ECAD130-6F2A-45BB-8510-9ABA9F9131D8}.Debug|Any CPU.ActiveCfg = Debug|Any CPU
		{5ECAD130-6F2A-45BB-8510-9ABA9F9131D8}.Debug|Any CPU.Build.0 = Debug|Any CPU
		{5ECAD130-6F2A-45BB-8510-9ABA9F9131D8}.Release|Any CPU.ActiveCfg = Release|Any CPU
		{5ECAD130-6F2A-45BB-8510-9ABA9F9131D8}.Release|Any CPU.Build.0 = Release|Any CPU
	EndGlobalSection
	GlobalSection(SolutionProperties) = preSolution
		HideSolutionNode = FALSE
	EndGlobalSection
	GlobalSection(ExtensibilityGlobals) = postSolution
		SolutionGuid = {ACC0706B-CADA-449D-9ED5-E25A9DB1D795}
	EndGlobalSection
EndGlobal
